
Microsoft Visual Studio Solution File, Format Version 12.00
# Visual Studio 15
VisualStudioVersion = 15.0.28307.329
MinimumVisualStudioVersion = 10.0.40219.1
Project("{8BC9CEB8-8B4A-11D0-8D11-00A0C91BC942}") = "Project1", "Project1\Project1.vcxproj", "{1468207F-06EF-47E6-A8C7-ED0FB818D11E}"
EndProject
Global
	GlobalSection(SolutionConfigurationPlatforms) = preSolution
		Debug|ARM = Debug|ARM
		Debug|ARM64 = Debug|ARM64
		Debug|x64 = Debug|x64
		Debug|x86 = Debug|x86
		Release|ARM = Release|ARM
		Release|ARM64 = Release|ARM64
		Release|x64 = Release|x64
		Release|x86 = Release|x86
	EndGlobalSection
	GlobalSection(ProjectConfigurationPlatforms) = postSolution
		{1468207F-06EF-47E6-A8C7-ED0FB818D11E}.Debug|ARM.ActiveCfg = Debug|ARM
		{1468207F-06EF-47E6-A8C7-ED0FB818D11E}.Debug|ARM.Build.0 = Debug|ARM
		{1468207F-06EF-47E6-A8C7-ED0FB818D11E}.Debug|ARM64.ActiveCfg = Debug|ARM64
		{1468207F-06EF-47E6-A8C7-ED0FB818D11E}.Debug|ARM64.Build.0 = Debug|ARM64
		{1468207F-06EF-47E6-A8C7-ED0FB818D11E}.Debug|x64.ActiveCfg = Debug|x64
		{1468207F-06EF-47E6-A8C7-ED0FB818D11E}.Debug|x64.Build.0 = Debug|x64
		{1468207F-06EF-47E6-A8C7-ED0FB818D11E}.Debug|x86.ActiveCfg = Debug|x86
		{1468207F-06EF-47E6-A8C7-ED0FB818D11E}.Debug|x86.Build.0 = Debug|x86
		{1468207F-06EF-47E6-A8C7-ED0FB818D11E}.Release|ARM.ActiveCfg = Release|ARM
		{1468207F-06EF-47E6-A8C7-ED0FB818D11E}.Release|ARM.Build.0 = Release|ARM
		{1468207F-06EF-47E6-A8C7-ED0FB818D11E}.Release|ARM64.ActiveCfg = Release|ARM64
		{1468207F-06EF-47E6-A8C7-ED0FB818D11E}.Release|ARM64.Build.0 = Release|ARM64
		{1468207F-06EF-47E6-A8C7-ED0FB818D11E}.Release|x64.ActiveCfg = Release|x64
		{1468207F-06EF-47E6-A8C7-ED0FB818D11E}.Release|x64.Build.0 = Release|x64
		{1468207F-06EF-47E6-A8C7-ED0FB818D11E}.Release|x86.ActiveCfg = Release|x86
		{1468207F-06EF-47E6-A8C7-ED0FB818D11E}.Release|x86.Build.0 = Release|x86
	EndGlobalSection
	GlobalSection(SolutionProperties) = preSolution
		HideSolutionNode = FALSE
	EndGlobalSection
	GlobalSection(ExtensibilityGlobals) = postSolution
		SolutionGuid = {7153B04C-382D-46A9-93D9-08ABEE96F9B3}
	EndGlobalSection
EndGlobal
